{
  "name": "frontend",
  "lockfileVersion": 3,
  "requires": true,
  "packages": {
    "": {
      "name": "frontend",
      "hasInstallScript": true,
      "dependencies": {
        "@nuxt/ui": "4.6.1",
        "@pinia/nuxt": "0.11.3",
        "@tailwindcss/vite": "^4.2.2",
        "nuxt": "^4.4.2",
        "pinia": "^3.0.4",
        "pinia-plugin-persistedstate": "^4.7.1",
        "tailwindcss": "^4.2.2",
        "vue": "^3.5.30",
        "vue-router": "^5.0.3"
      },
      "devDependencies": {
        "@iconify-json/heroicons": "^1.2.3"
      }
    },
    "../node_modules/.pnpm/@iconify-json+heroicons@1.2.3/node_modules/@iconify-json/heroicons": {
      "version": "1.2.3",
      "dev": true,
      "license": "MIT",
      "dependencies": {
        "@iconify/types": "*"
      }
    },
    "../node_modules/.pnpm/@nuxt+ui@4.6.1_@tiptap+extensions@3.22.3_@tiptap+core@3.22.3_@tiptap+pm@3.22.3__@tiptap_fc1531b2b9a6afd57327e8ef2a5f33e0/node_modules/@nuxt/ui": {
      "version": "4.6.1",
      "license": "MIT",
      "dependencies": {
        "@floating-ui/dom": "^1.7.6",
        "@iconify/vue": "^5.0.0",
        "@internationalized/date": "^3.12.0",
        "@internationalized/number": "^3.6.5",
        "@nuxt/fonts": "^0.14.0",
        "@nuxt/icon": "^2.2.1",
        "@nuxt/kit": "^4.4.2",
        "@nuxt/schema": "^4.4.2",
        "@nuxtjs/color-mode": "^3.5.2",
        "@standard-schema/spec": "^1.1.0",
        "@tailwindcss/postcss": "^4.2.2",
        "@tailwindcss/vite": "^4.2.2",
        "@tanstack/vue-table": "^8.21.3",
        "@tanstack/vue-virtual": "^3.13.23",
        "@tiptap/core": "^3.21.0",
        "@tiptap/extension-bubble-menu": "^3.21.0",
        "@tiptap/extension-code": "^3.21.0",
        "@tiptap/extension-collaboration": "^3.21.0",
        "@tiptap/extension-drag-handle": "^3.21.0",
        "@tiptap/extension-drag-handle-vue-3": "^3.21.0",
        "@tiptap/extension-floating-menu": "^3.21.0",
        "@tiptap/extension-horizontal-rule": "^3.21.0",
        "@tiptap/extension-image": "^3.21.0",
        "@tiptap/extension-mention": "^3.21.0",
        "@tiptap/extension-node-range": "^3.21.0",
        "@tiptap/extension-placeholder": "^3.21.0",
        "@tiptap/markdown": "^3.21.0",
        "@tiptap/pm": "^3.21.0",
        "@tiptap/starter-kit": "^3.21.0",
        "@tiptap/suggestion": "^3.21.0",
        "@tiptap/vue-3": "^3.21.0",
        "@unhead/vue": "^2.1.12",
        "@vueuse/core": "^14.2.1",
        "@vueuse/integrations": "^14.2.1",
        "@vueuse/shared": "^14.2.1",
        "colortranslator": "^5.0.0",
        "consola": "^3.4.2",
        "defu": "^6.1.4",
        "embla-carousel-auto-height": "^8.6.0",
        "embla-carousel-auto-scroll": "^8.6.0",
        "embla-carousel-autoplay": "^8.6.0",
        "embla-carousel-class-names": "^8.6.0",
        "embla-carousel-fade": "^8.6.0",
        "embla-carousel-vue": "^8.6.0",
        "embla-carousel-wheel-gestures": "^8.1.0",
        "fuse.js": "^7.1.0",
        "hookable": "^6.1.0",
        "knitwork": "^1.3.0",
        "magic-string": "^0.30.21",
        "mlly": "^1.8.2",
        "motion-v": "^2.2.0",
        "ohash": "^2.0.11",
        "pathe": "^2.0.3",
        "reka-ui": "2.9.3",
        "scule": "^1.3.0",
        "tailwind-merge": "^3.5.0",
        "tailwind-variants": "^3.2.2",
        "tailwindcss": "^4.2.2",
        "tinyglobby": "^0.2.15",
        "ufo": "^1.6.3",
        "unplugin": "^3.0.0",
        "unplugin-auto-import": "^21.0.0",
        "unplugin-vue-components": "^32.0.0",
        "vaul-vue": "0.4.1",
        "vue-component-type-helpers": "^3.2.6"
      },
      "bin": {
        "nuxt-ui": "cli/index.mjs"
      },
      "devDependencies": {
        "@nuxt/eslint-config": "^1.15.2",
        "@nuxt/module-builder": "^1.0.2",
        "@nuxt/test-utils": "^4.0.0",
        "@release-it/conventional-changelog": "^10.0.6",
        "@tanstack/table-core": "^8.21.3",
        "@vitejs/plugin-vue": "^6.0.5",
        "@vue/test-utils": "^2.4.6",
        "ai": "^6.0.141",
        "embla-carousel": "^8.6.0",
        "eslint": "^10.1.0",
        "happy-dom": "^20.8.9",
        "nuxt": "^4.4.2",
        "release-it": "^19.2.4",
        "unbuild": "^3.6.1",
        "vitest": "^4.1.2",
        "vitest-axe": "^0.1.0",
        "vitest-environment-nuxt": "^1.0.1",
        "vue": "^3.5.30",
        "vue-tsc": "^3.2.6"
      },
      "engines": {
        "node": "^20.19.0 || >=22.12.0"
      },
      "peerDependencies": {
        "@inertiajs/vue3": "^2.0.7 || ^3.0.0",
        "@nuxt/content": "^3.0.0",
        "joi": "^18.0.0",
        "superstruct": "^2.0.0",
        "tailwindcss": "^4.0.0",
        "typescript": "^5.6.3 || ^6.0.0",
        "valibot": "^1.0.0",
        "vue-router": "^4.5.0 || ^5.0.0",
        "yup": "^1.7.0",
        "zod": "^3.24.0 || ^4.0.0"
      },
      "peerDependenciesMeta": {
        "@inertiajs/vue3": {
          "optional": true
        },
        "@nuxt/content": {
          "optional": true
        },
        "joi": {
          "optional": true
        },
        "superstruct": {
          "optional": true
        },
        "valibot": {
          "optional": true
        },
        "vue-router": {
          "optional": true
        },
        "yup": {
          "optional": true
        },
        "zod": {
          "optional": true
        }
      }
    },
    "../node_modules/.pnpm/@pinia+nuxt@0.11.3_magicast@0.5.2_pinia@3.0.4_typescript@6.0.2_vue@3.5.30_typescript@6.0.2__/node_modules/@pinia/nuxt": {
      "version": "0.11.3",
      "license": "MIT",
      "dependencies": {
        "@nuxt/kit": "^4.2.0"
      },
      "devDependencies": {
        "@nuxt/module-builder": "1.0.2",
        "@nuxt/schema": "^4.2.0",
        "@nuxt/test-utils": "^3.20.1",
        "nuxt": "^4.2.0",
        "pinia": "^3.0.4",
        "typescript": "^5.9.3",
        "vue-tsc": "^3.1.3"
      },
      "funding": {
        "url": "https://github.com/sponsors/posva"
      },
      "peerDependencies": {
        "pinia": "^3.0.4"
      }
    },
    "../node_modules/.pnpm/@tailwindcss+vite@4.2.2_vite@7.3.2_@types+node@22.19.15_jiti@2.6.1_lightningcss@1.32.0__2ba61ae475595b209baff82834af6c9b/node_modules/@tailwindcss/vite": {
      "version": "4.2.2",
      "license": "MIT",
      "dependencies": {
        "@tailwindcss/node": "4.2.2",
        "@tailwindcss/oxide": "4.2.2",
        "tailwindcss": "4.2.2"
      },
      "devDependencies": {
        "@types/node": "^20.19.0",
        "vite": "^8.0.0"
      },
      "peerDependencies": {
        "vite": "^5.2.0 || ^6 || ^7 || ^8"
      }
    },
    "../node_modules/.pnpm/nuxt@4.4.2_@babel+core@7.29.0_@babel+plugin-syntax-jsx@7.28.6_@babel+core@7.29.0__@emna_1074880e4ccca86caf8f1976d19940f1/node_modules/nuxt": {
      "version": "4.4.2",
      "license": "MIT",
      "dependencies": {
        "@dxup/nuxt": "^0.4.0",
        "@nuxt/cli": "^3.34.0",
        "@nuxt/devtools": "^3.2.3",
        "@nuxt/kit": "4.4.2",
        "@nuxt/nitro-server": "4.4.2",
        "@nuxt/schema": "4.4.2",
        "@nuxt/telemetry": "^2.7.0",
        "@nuxt/vite-builder": "4.4.2",
        "@unhead/vue": "^2.1.12",
        "@vue/shared": "^3.5.30",
        "c12": "^3.3.3",
        "chokidar": "^5.0.0",
        "compatx": "^0.2.0",
        "consola": "^3.4.2",
        "cookie-es": "^2.0.0",
        "defu": "^6.1.4",
        "devalue": "^5.6.3",
        "errx": "^0.1.0",
        "escape-string-regexp": "^5.0.0",
        "exsolve": "^1.0.8",
        "hookable": "^6.0.1",
        "ignore": "^7.0.5",
        "impound": "^1.1.5",
        "jiti": "^2.6.1",
        "klona": "^2.0.6",
        "knitwork": "^1.3.0",
        "magic-string": "^0.30.21",
        "mlly": "^1.8.1",
        "nanotar": "^0.3.0",
        "nypm": "^0.6.5",
        "ofetch": "^1.5.1",
        "ohash": "^2.0.11",
        "on-change": "^6.0.2",
        "oxc-minify": "^0.117.0",
        "oxc-parser": "^0.117.0",
        "oxc-transform": "^0.117.0",
        "oxc-walker": "^0.7.0",
        "pathe": "^2.0.3",
        "perfect-debounce": "^2.1.0",
        "picomatch": "^4.0.3",
        "pkg-types": "^2.3.0",
        "rou3": "^0.8.1",
        "scule": "^1.3.0",
        "semver": "^7.7.4",
        "std-env": "^4.0.0",
        "tinyglobby": "^0.2.15",
        "ufo": "^1.6.3",
        "ultrahtml": "^1.6.0",
        "uncrypto": "^0.1.3",
        "unctx": "^2.5.0",
        "unimport": "^6.0.1",
        "unplugin": "^3.0.0",
        "unrouting": "^0.1.5",
        "untyped": "^2.0.0",
        "vue": "^3.5.30",
        "vue-router": "^5.0.3"
      },
      "bin": {
        "nuxi": "bin/nuxt.mjs",
        "nuxt": "bin/nuxt.mjs"
      },
      "devDependencies": {
        "@nuxt/scripts": "0.13.2",
        "@parcel/watcher": "2.5.6",
        "@types/estree": "1.0.8",
        "@types/picomatch": "4.0.2",
        "@vitejs/plugin-vue": "6.0.4",
        "@vitejs/plugin-vue-jsx": "5.1.4",
        "@vue/compiler-sfc": "3.5.30",
        "unbuild": "3.6.1",
        "vite": "7.3.1",
        "vitest": "4.0.18",
        "vue-bundle-renderer": "2.2.0",
        "vue-sfc-transformer": "0.1.17"
      },
      "engines": {
        "node": "^20.19.0 || >=22.12.0"
      },
      "peerDependencies": {
        "@parcel/watcher": "^2.1.0",
        "@types/node": ">=18.12.0"
      },
      "peerDependenciesMeta": {
        "@parcel/watcher": {
          "optional": true
        },
        "@types/node": {
          "optional": true
        }
      }
    },
    "../node_modules/.pnpm/pinia-plugin-persistedstate@4.7.1_@nuxt+kit@4.4.2_magicast@0.5.2__@pinia+nuxt@0.11.3_ma_15cd65db049714040857db10523cf742/node_modules/pinia-plugin-persistedstate": {
      "version": "4.7.1",
      "license": "MIT",
      "dependencies": {
        "defu": "^6.1.4"
      },
      "devDependencies": {
        "@antfu/eslint-config": "^6.2.0",
        "@iconify-json/catppuccin": "^1.2.17",
        "@nuxt/devtools": "^3.0.1",
        "@nuxt/kit": "^4.2.0",
        "@nuxt/module-builder": "^1.0.2",
        "@nuxt/schema": "^4.2.0",
        "@pinia/nuxt": "^0.11.2",
        "@rollup/plugin-node-resolve": "^16.0.3",
        "@shikijs/vitepress-twoslash": "^3.14.0",
        "@types/node": "^24.9.2",
        "@vitest/coverage-v8": "^4.0.6",
        "@vitest/ui": "^4.0.6",
        "changelogen": "^0.6.2",
        "esbuild": "^0.25.11",
        "eslint": "^9.39.0",
        "eslint-plugin-format": "^1.0.2",
        "happy-dom": "^20.0.10",
        "lint-staged": "^16.2.6",
        "nuxt": "^4.2.0",
        "pinia": "^3.0.3",
        "pinia-plugin-persistedstate": "link:",
        "publint": "^0.3.15",
        "rollup": "^4.52.5",
        "rollup-plugin-esbuild": "^6.2.1",
        "simple-git-hooks": "^2.13.1",
        "tsdown": "^0.15.12",
        "tsup": "^8.5.0",
        "typescript": "~5.9.3",
        "vitepress": "^1.6.4",
        "vitepress-plugin-group-icons": "^1.6.5",
        "vitest": "^4.0.6",
        "vue": "^3.5.22",
        "vue-tsc": "^3.1.2"
      },
      "peerDependencies": {
        "@nuxt/kit": ">=3.0.0",
        "@pinia/nuxt": ">=0.10.0",
        "pinia": ">=3.0.0"
      },
      "peerDependenciesMeta": {
        "@nuxt/kit": {
          "optional": true
        },
        "@pinia/nuxt": {
          "optional": true
        },
        "pinia": {
          "optional": true
        }
      }
    },
    "../node_modules/.pnpm/pinia@3.0.4_typescript@6.0.2_vue@3.5.30_typescript@6.0.2_/node_modules/pinia": {
      "version": "3.0.4",
      "license": "MIT",
      "dependencies": {
        "@vue/devtools-api": "^7.7.7"
      },
      "devDependencies": {
        "@microsoft/api-extractor": "7.53.3",
        "@vue/test-utils": "^2.4.6"
      },
      "funding": {
        "url": "https://github.com/sponsors/posva"
      },
      "peerDependencies": {
        "typescript": ">=4.5.0",
        "vue": "^3.5.11"
      },
      "peerDependenciesMeta": {
        "typescript": {
          "optional": true
        }
      }
    },
    "../node_modules/.pnpm/tailwindcss@4.2.2/node_modules/tailwindcss": {
      "version": "4.2.2",
      "license": "MIT",
      "devDependencies": {
        "@jridgewell/remapping": "^2.3.5",
        "@tailwindcss/oxide": "^4.2.2",
        "@types/node": "^20.19.0",
        "dedent": "1.7.1",
        "lightningcss": "1.32.0",
        "magic-string": "^0.30.21",
        "source-map-js": "^1.2.1"
      }
    },
    "../node_modules/.pnpm/vue-router@5.0.3_@vue+compiler-sfc@3.5.32_pinia@3.0.4_typescript@6.0.2_vue@3.5.30_types_316aa7351db38c5253f0a1a29b0050a4/node_modules/vue-router": {
      "version": "5.0.3",
      "license": "MIT",
      "dependencies": {
        "@babel/generator": "^7.28.6",
        "@vue-macros/common": "^3.1.1",
        "@vue/devtools-api": "^8.0.6",
        "ast-walker-scope": "^0.8.3",
        "chokidar": "^5.0.0",
        "json5": "^2.2.3",
        "local-pkg": "^1.1.2",
        "magic-string": "^0.30.21",
        "mlly": "^1.8.0",
        "muggle-string": "^0.4.1",
        "pathe": "^2.0.3",
        "picomatch": "^4.0.3",
        "scule": "^1.3.0",
        "tinyglobby": "^0.2.15",
        "unplugin": "^3.0.0",
        "unplugin-utils": "^0.3.1",
        "yaml": "^2.8.2"
      },
      "devDependencies": {
        "@babel/types": "^7.29.0",
        "@pinia/colada": "^0.21.2",
        "@playwright/test": "^1.58.1",
        "@rollup/plugin-commonjs": "^28.0.9",
        "@rollup/plugin-node-resolve": "^16.0.3",
        "@rollup/plugin-replace": "^6.0.3",
        "@rollup/plugin-terser": "^0.4.4",
        "@types/babel__generator": "^7.27.0",
        "@types/nightwatch": "^2.3.32",
        "@types/picomatch": "^4.0.2",
        "@typescript/native-preview": "7.0.0-dev.20260106.1",
        "@vitejs/plugin-vue": "^6.0.4",
        "@vue/compiler-sfc": "3.6.0-beta.2",
        "@vue/language-core": "^3.2.1",
        "@vue/server-renderer": "3.6.0-beta.2",
        "@vue/test-utils": "^2.4.6",
        "browserstack-local": "^1.5.8",
        "chromedriver": "^144.0.1",
        "connect-history-api-fallback": "^2.0.0",
        "dotenv": "^17.2.3",
        "faked-promise": "^2.2.2",
        "geckodriver": "^6.1.0",
        "happy-dom": "^20.5.0",
        "nightwatch": "^3.15.0",
        "nightwatch-helpers": "^1.2.0",
        "pinia": "^3.0.4",
        "rimraf": "^6.1.2",
        "rollup": "^4.57.1",
        "rollup-plugin-typescript2": "^0.36.0",
        "tsdown": "^0.20.1",
        "tsup": "^8.5.1",
        "vite": "^7.3.0",
        "vue": "3.6.0-beta.2"
      },
      "funding": {
        "url": "https://github.com/sponsors/posva"
      },
      "peerDependencies": {
        "@pinia/colada": ">=0.21.2",
        "@vue/compiler-sfc": "^3.5.17",
        "pinia": "^3.0.4",
        "vue": "^3.5.0"
      },
      "peerDependenciesMeta": {
        "@pinia/colada": {
          "optional": true
        },
        "@vue/compiler-sfc": {
          "optional": true
        },
        "pinia": {
          "optional": true
        }
      }
    },
    "../node_modules/.pnpm/vue@3.5.30_typescript@6.0.2/node_modules/vue": {
      "version": "3.5.30",
      "license": "MIT",
      "dependencies": {
        "@vue/compiler-dom": "3.5.30",
        "@vue/compiler-sfc": "3.5.30",
        "@vue/runtime-dom": "3.5.30",
        "@vue/server-renderer": "3.5.30",
        "@vue/shared": "3.5.30"
      },
      "peerDependencies": {
        "typescript": "*"
      },
      "peerDependenciesMeta": {
        "typescript": {
          "optional": true
        }
      }
    },
    "node_modules/@iconify-json/heroicons": {
      "resolved": "../node_modules/.pnpm/@iconify-json+heroicons@1.2.3/node_modules/@iconify-json/heroicons",
      "link": true
    },
    "node_modules/@nuxt/ui": {
      "resolved": "../node_modules/.pnpm/@nuxt+ui@4.6.1_@tiptap+extensions@3.22.3_@tiptap+core@3.22.3_@tiptap+pm@3.22.3__@tiptap_fc1531b2b9a6afd57327e8ef2a5f33e0/node_modules/@nuxt/ui",
      "link": true
    },
    "node_modules/@pinia/nuxt": {
      "resolved": "../node_modules/.pnpm/@pinia+nuxt@0.11.3_magicast@0.5.2_pinia@3.0.4_typescript@6.0.2_vue@3.5.30_typescript@6.0.2__/node_modules/@pinia/nuxt",
      "link": true
    },
    "node_modules/@tailwindcss/vite": {
      "resolved": "../node_modules/.pnpm/@tailwindcss+vite@4.2.2_vite@7.3.2_@types+node@22.19.15_jiti@2.6.1_lightningcss@1.32.0__2ba61ae475595b209baff82834af6c9b/node_modules/@tailwindcss/vite",
      "link": true
    },
    "node_modules/nuxt": {
      "resolved": "../node_modules/.pnpm/nuxt@4.4.2_@babel+core@7.29.0_@babel+plugin-syntax-jsx@7.28.6_@babel+core@7.29.0__@emna_1074880e4ccca86caf8f1976d19940f1/node_modules/nuxt",
      "link": true
    },
    "node_modules/pinia": {
      "resolved": "../node_modules/.pnpm/pinia@3.0.4_typescript@6.0.2_vue@3.5.30_typescript@6.0.2_/node_modules/pinia",
      "link": true
    },
    "node_modules/pinia-plugin-persistedstate": {
      "resolved": "../node_modules/.pnpm/pinia-plugin-persistedstate@4.7.1_@nuxt+kit@4.4.2_magicast@0.5.2__@pinia+nuxt@0.11.3_ma_15cd65db049714040857db10523cf742/node_modules/pinia-plugin-persistedstate",
      "link": true
    },
    "node_modules/tailwindcss": {
      "resolved": "../node_modules/.pnpm/tailwindcss@4.2.2/node_modules/tailwindcss",
      "link": true
    },
    "node_modules/vue": {
      "resolved": "../node_modules/.pnpm/vue@3.5.30_typescript@6.0.2/node_modules/vue",
      "link": true
    },
    "node_modules/vue-router": {
      "resolved": "../node_modules/.pnpm/vue-router@5.0.3_@vue+compiler-sfc@3.5.32_pinia@3.0.4_typescript@6.0.2_vue@3.5.30_types_316aa7351db38c5253f0a1a29b0050a4/node_modules/vue-router",
      "link": true
    }
  }
}
